# THIS IS AN AUTOGENERATED FILE. DO NOT EDIT THIS FILE DIRECTLY.
# yarn lockfile v1


treeview-react-bootstrap@^0.4.6:
  version "0.4.6"
  resolved "https://registry.yarnpkg.com/treeview-react-bootstrap/-/treeview-react-bootstrap-0.4.6.tgz#3f7780a7bf10a524b75c4d552b10dd20a3c51776"
  integrity sha1-P3eAp78QpSS3XE1VKxDdIKPFF3Y=
